
Microsoft Visual Studio Solution File, Format Version 12.00
# Visual Studio Version 16
VisualStudioVersion = 16.0.30611.23
MinimumVisualStudioVersion = 10.0.40219.1
Project("{8BC9CEB8-8B4A-11D0-8D11-00A0C91BC942}") = "linked_list", "linked_list\linked_list.vcxproj", "{A909AA55-9EAC-4657-82C1-6F3E56C43CFD}"
EndProject
Global
	GlobalSection(SolutionConfigurationPlatforms) = preSolution
		Debug|x64 = Debug|x64
		Debug|x86 = Debug|x86
		Release|x64 = Release|x64
		Release|x86 = Release|x86
	EndGlobalSection
	GlobalSection(ProjectConfigurationPlatforms) = postSolution
		{A909AA55-9EAC-4657-82C1-6F3E56C43CFD}.Debug|x64.ActiveCfg = Debug|x64
		{A909AA55-9EAC-4657-82C1-6F3E56C43CFD}.Debug|x64.Build.0 = Debug|x64
		{A909AA55-9EAC-4657-82C1-6F3E56C43CFD}.Debug|x86.ActiveCfg = Debug|Win32
		{A909AA55-9EAC-4657-82C1-6F3E56C43CFD}.Debug|x86.Build.0 = Debug|Win32
		{A909AA55-9EAC-4657-82C1-6F3E56C43CFD}.Release|x64.ActiveCfg = Release|x64
		{A909AA55-9EAC-4657-82C1-6F3E56C43CFD}.Release|x64.Build.0 = Release|x64
		{A909AA55-9EAC-4657-82C1-6F3E56C43CFD}.Release|x86.ActiveCfg = Release|Win32
		{A909AA55-9EAC-4657-82C1-6F3E56C43CFD}.Release|x86.Build.0 = Release|Win32
	EndGlobalSection
	GlobalSection(SolutionProperties) = preSolution
		HideSolutionNode = FALSE
	EndGlobalSection
	GlobalSection(ExtensibilityGlobals) = postSolution
		SolutionGuid = {3A30EE05-7169-43D3-BD94-D58BBE9BD848}
	EndGlobalSection
EndGlobal
