
Microsoft Visual Studio Solution File, Format Version 12.00
# Visual Studio Version 16
VisualStudioVersion = 16.0.30611.23
MinimumVisualStudioVersion = 10.0.40219.1
Project("{8BC9CEB8-8B4A-11D0-8D11-00A0C91BC942}") = "poke_in_out", "poke_in_out\poke_in_out.vcxproj", "{3BA8956F-9C27-4356-8EB2-7E0B18693858}"
EndProject
Global
	GlobalSection(SolutionConfigurationPlatforms) = preSolution
		Debug|x64 = Debug|x64
		Debug|x86 = Debug|x86
		Release|x64 = Release|x64
		Release|x86 = Release|x86
	EndGlobalSection
	GlobalSection(ProjectConfigurationPlatforms) = postSolution
		{3BA8956F-9C27-4356-8EB2-7E0B18693858}.Debug|x64.ActiveCfg = Debug|x64
		{3BA8956F-9C27-4356-8EB2-7E0B18693858}.Debug|x64.Build.0 = Debug|x64
		{3BA8956F-9C27-4356-8EB2-7E0B18693858}.Debug|x86.ActiveCfg = Debug|Win32
		{3BA8956F-9C27-4356-8EB2-7E0B18693858}.Debug|x86.Build.0 = Debug|Win32
		{3BA8956F-9C27-4356-8EB2-7E0B18693858}.Release|x64.ActiveCfg = Release|x64
		{3BA8956F-9C27-4356-8EB2-7E0B18693858}.Release|x64.Build.0 = Release|x64
		{3BA8956F-9C27-4356-8EB2-7E0B18693858}.Release|x86.ActiveCfg = Release|Win32
		{3BA8956F-9C27-4356-8EB2-7E0B18693858}.Release|x86.Build.0 = Release|Win32
	EndGlobalSection
	GlobalSection(SolutionProperties) = preSolution
		HideSolutionNode = FALSE
	EndGlobalSection
	GlobalSection(ExtensibilityGlobals) = postSolution
		SolutionGuid = {E7263D08-A7CB-4A09-8220-C8086E6A85AB}
	EndGlobalSection
EndGlobal
